// !$*UTF8*$!
{
	archiveVersion = 1;
	classes = {
	};
	objectVersion = 48;
	objects = {

/* Begin PBXBuildFile section */
		161747C51FB0459D00904A56 /* AppDelegate.swift in Sources */ = {isa = PBXBuildFile; fileRef = 161747C41FB0459D00904A56 /* AppDelegate.swift */; };
		161747CA1FB0459D00904A56 /* Main.storyboard in Resources */ = {isa = PBXBuildFile; fileRef = 161747C81FB0459D00904A56 /* Main.storyboard */; };
		161747CC1FB0459D00904A56 /* Assets.xcassets in Resources */ = {isa = PBXBuildFile; fileRef = 161747CB1FB0459D00904A56 /* Assets.xcassets */; };
		161747CF1FB0459D00904A56 /* LaunchScreen.storyboard in Resources */ = {isa = PBXBuildFile; fileRef = 161747CD1FB0459D00904A56 /* LaunchScreen.storyboard */; };
		166039481FB2A1B800A2C0EC /* GradientView.swift in Sources */ = {isa = PBXBuildFile; fileRef = 166039471FB2A1B800A2C0EC /* GradientView.swift */; };
		16D3E4901FB06FD300AE686B /* ChatVC.swift in Sources */ = {isa = PBXBuildFile; fileRef = 16D3E48F1FB06FD300AE686B /* ChatVC.swift */; };
		16D3E4921FB0702400AE686B /* ChannelVC.swift in Sources */ = {isa = PBXBuildFile; fileRef = 16D3E4911FB0702400AE686B /* ChannelVC.swift */; };
		16D3E4951FB07B4A00AE686B /* SWRevealViewController.m in Sources */ = {isa = PBXBuildFile; fileRef = 16D3E48A1FB05FB800AE686B /* SWRevealViewController.m */; };
		687BE4D0CEEA72B1DAFC7EDE /* Pods_smack.framework in Frameworks */ = {isa = PBXBuildFile; fileRef = DF7D0610469F4F3D5CE0621D /* Pods_smack.framework */; };
/* End PBXBuildFile section */

/* Begin PBXFileReference section */
		161747C11FB0459D00904A56 /* smack.app */ = {isa = PBXFileReference; explicitFileType = wrapper.application; includeInIndex = 0; path = smack.app; sourceTree = BUILT_PRODUCTS_DIR; };
		161747C41FB0459D00904A56 /* AppDelegate.swift */ = {isa = PBXFileReference; lastKnownFileType = sourcecode.swift; path = AppDelegate.swift; sourceTree = "<group>"; };
		161747C91FB0459D00904A56 /* Base */ = {isa = PBXFileReference; lastKnownFileType = file.storyboard; name = Base; path = Base.lproj/Main.storyboard; sourceTree = "<group>"; };
		161747CB1FB0459D00904A56 /* Assets.xcassets */ = {isa = PBXFileReference; lastKnownFileType = folder.assetcatalog; path = Assets.xcassets; sourceTree = "<group>"; };
		161747CE1FB0459D00904A56 /* Base */ = {isa = PBXFileReference; lastKnownFileType = file.storyboard; name = Base; path = Base.lproj/LaunchScreen.storyboard; sourceTree = "<group>"; };
		161747D01FB0459D00904A56 /* Info.plist */ = {isa = PBXFileReference; lastKnownFileType = text.plist.xml; path = Info.plist; sourceTree = "<group>"; };
		166039471FB2A1B800A2C0EC /* GradientView.swift */ = {isa = PBXFileReference; lastKnownFileType = sourcecode.swift; path = GradientView.swift; sourceTree = "<group>"; };
		16D3E4891FB05FB700AE686B /* smack-Bridging-Header.h */ = {isa = PBXFileReference; lastKnownFileType = sourcecode.c.h; path = "smack-Bridging-Header.h"; sourceTree = "<group>"; };
		16D3E48A1FB05FB800AE686B /* SWRevealViewController.m */ = {isa = PBXFileReference; lastKnownFileType = sourcecode.c.objc; path = SWRevealViewController.m; sourceTree = "<group>"; };
		16D3E48B1FB05FB800AE686B /* SWRevealViewController.h */ = {isa = PBXFileReference; lastKnownFileType = sourcecode.c.h; path = SWRevealViewController.h; sourceTree = "<group>"; };
		16D3E48F1FB06FD300AE686B /* ChatVC.swift */ = {isa = PBXFileReference; lastKnownFileType = sourcecode.swift; path = ChatVC.swift; sourceTree = "<group>"; };
		16D3E4911FB0702400AE686B /* ChannelVC.swift */ = {isa = PBXFileReference; lastKnownFileType = sourcecode.swift; path = ChannelVC.swift; sourceTree = "<group>"; };
		25AF23B71607D3E5A4809542 /* Pods-smack.debug.xcconfig */ = {isa = PBXFileReference; includeInIndex = 1; lastKnownFileType = text.xcconfig; name = "Pods-smack.debug.xcconfig"; path = "Pods/Target Support Files/Pods-smack/Pods-smack.debug.xcconfig"; sourceTree = "<group>"; };
		8520FB83C363E01D44E4A6D1 /* Pods-smack.release.xcconfig */ = {isa = PBXFileReference; includeInIndex = 1; lastKnownFileType = text.xcconfig; name = "Pods-smack.release.xcconfig"; path = "Pods/Target Support Files/Pods-smack/Pods-smack.release.xcconfig"; sourceTree = "<group>"; };
		DF7D0610469F4F3D5CE0621D /* Pods_smack.framework */ = {isa = PBXFileReference; explicitFileType = wrapper.framework; includeInIndex = 0; path = Pods_smack.framework; sourceTree = BUILT_PRODUCTS_DIR; };
/* End PBXFileReference section */

/* Begin PBXFrameworksBuildPhase section */
		161747BE1FB0459C00904A56 /* Frameworks */ = {
			isa = PBXFrameworksBuildPhase;
			buildActionMask = 2147483647;
			files = (
				687BE4D0CEEA72B1DAFC7EDE /* Pods_smack.framework in Frameworks */,
			);
			runOnlyForDeploymentPostprocessing = 0;
		};
/* End PBXFrameworksBuildPhase section */

/* Begin PBXGroup section */
		161747B81FB0459C00904A56 = {
			isa = PBXGroup;
			children = (
				161747C31FB0459D00904A56 /* smack */,
				161747C21FB0459D00904A56 /* Products */,
				E7CFF3CE9B761DAD1D28AC09 /* Pods */,
				1D7BA731326798BEA93AD564 /* Frameworks */,
			);
			sourceTree = "<group>";
		};
		161747C21FB0459D00904A56 /* Products */ = {
			isa = PBXGroup;
			children = (
				161747C11FB0459D00904A56 /* smack.app */,
			);
			name = Products;
			sourceTree = "<group>";
		};
		161747C31FB0459D00904A56 /* smack */ = {
			isa = PBXGroup;
			children = (
				16D3E48E1FB06F9D00AE686B /* Controller */,
				16D3E48D1FB06F9600AE686B /* View */,
				16D3E48C1FB06F8A00AE686B /* Model */,
				16D3E4881FB05F4D00AE686B /* Supporting Files */,
				161747C41FB0459D00904A56 /* AppDelegate.swift */,
				161747C81FB0459D00904A56 /* Main.storyboard */,
				161747CB1FB0459D00904A56 /* Assets.xcassets */,
				161747CD1FB0459D00904A56 /* LaunchScreen.storyboard */,
				161747D01FB0459D00904A56 /* Info.plist */,
			);
			path = smack;
			sourceTree = "<group>";
		};
		16D3E4881FB05F4D00AE686B /* Supporting Files */ = {
			isa = PBXGroup;
			children = (
				16D3E48B1FB05FB800AE686B /* SWRevealViewController.h */,
				16D3E48A1FB05FB800AE686B /* SWRevealViewController.m */,
				16D3E4891FB05FB700AE686B /* smack-Bridging-Header.h */,
			);
			path = "Supporting Files";
			sourceTree = "<group>";
		};
		16D3E48C1FB06F8A00AE686B /* Model */ = {
			isa = PBXGroup;
			children = (
			);
			path = Model;
			sourceTree = "<group>";
		};
		16D3E48D1FB06F9600AE686B /* View */ = {
			isa = PBXGroup;
			children = (
				166039471FB2A1B800A2C0EC /* GradientView.swift */,
			);
			path = View;
			sourceTree = "<group>";
		};
		16D3E48E1FB06F9D00AE686B /* Controller */ = {
			isa = PBXGroup;
			children = (
				16D3E48F1FB06FD300AE686B /* ChatVC.swift */,
				16D3E4911FB0702400AE686B /* ChannelVC.swift */,
			);
			path = Controller;
			sourceTree = "<group>";
		};
		1D7BA731326798BEA93AD564 /* Frameworks */ = {
			isa = PBXGroup;
			children = (
				DF7D0610469F4F3D5CE0621D /* Pods_smack.framework */,
			);
			name = Frameworks;
			sourceTree = "<group>";
		};
		E7CFF3CE9B761DAD1D28AC09 /* Pods */ = {
			isa = PBXGroup;
			children = (
				25AF23B71607D3E5A4809542 /* Pods-smack.debug.xcconfig */,
				8520FB83C363E01D44E4A6D1 /* Pods-smack.release.xcconfig */,
			);
			name = Pods;
			sourceTree = "<group>";
		};
/* End PBXGroup section */

/* Begin PBXNativeTarget section */
		161747C01FB0459C00904A56 /* smack */ = {
			isa = PBXNativeTarget;
			buildConfigurationList = 161747D31FB0459D00904A56 /* Build configuration list for PBXNativeTarget "smack" */;
			buildPhases = (
				215A83DEF1957514947F39A0 /* [CP] Check Pods Manifest.lock */,
				161747BD1FB0459C00904A56 /* Sources */,
				161747BE1FB0459C00904A56 /* Frameworks */,
				161747BF1FB0459C00904A56 /* Resources */,
				A7655B58D551C7B1770E5A4B /* [CP] Embed Pods Frameworks */,
				C38FF9C75325555A56B73C35 /* [CP] Copy Pods Resources */,
			);
			buildRules = (
			);
			dependencies = (
			);
			name = smack;
			productName = smack;
			productReference = 161747C11FB0459D00904A56 /* smack.app */;
			productType = "com.apple.product-type.application";
		};
/* End PBXNativeTarget section */

/* Begin PBXProject section */
		161747B91FB0459C00904A56 /* Project object */ = {
			isa = PBXProject;
			attributes = {
				LastSwiftUpdateCheck = 0900;
				LastUpgradeCheck = 0900;
				ORGANIZATIONNAME = "Bilal Mustafa";
				TargetAttributes = {
					161747C01FB0459C00904A56 = {
						CreatedOnToolsVersion = 9.0;
						LastSwiftMigration = 0900;
						ProvisioningStyle = Automatic;
					};
				};
			};
			buildConfigurationList = 161747BC1FB0459C00904A56 /* Build configuration list for PBXProject "smack" */;
			compatibilityVersion = "Xcode 8.0";
			developmentRegion = en;
			hasScannedForEncodings = 0;
			knownRegions = (
				en,
				Base,
			);
			mainGroup = 161747B81FB0459C00904A56;
			productRefGroup = 161747C21FB0459D00904A56 /* Products */;
			projectDirPath = "";
			projectRoot = "";
			targets = (
				161747C01FB0459C00904A56 /* smack */,
			);
		};
/* End PBXProject section */

/* Begin PBXResourcesBuildPhase section */
		161747BF1FB0459C00904A56 /* Resources */ = {
			isa = PBXResourcesBuildPhase;
			buildActionMask = 2147483647;
			files = (
				161747CF1FB0459D00904A56 /* LaunchScreen.storyboard in Resources */,
				161747CC1FB0459D00904A56 /* Assets.xcassets in Resources */,
				161747CA1FB0459D00904A56 /* Main.storyboard in Resources */,
			);
			runOnlyForDeploymentPostprocessing = 0;
		};
/* End PBXResourcesBuildPhase section */

/* Begin PBXShellScriptBuildPhase section */
		215A83DEF1957514947F39A0 /* [CP] Check Pods Manifest.lock */ = {
			isa = PBXShellScriptBuildPhase;
			buildActionMask = 2147483647;
			files = (
			);
			inputPaths = (
			);
			name = "[CP] Check Pods Manifest.lock";
			outputPaths = (
			);
			runOnlyForDeploymentPostprocessing = 0;
			shellPath = /bin/sh;
			shellScript = "diff \"${PODS_ROOT}/../Podfile.lock\" \"${PODS_ROOT}/Manifest.lock\" > /dev/null\nif [ $? != 0 ] ; then\n    # print error to STDERR\n    echo \"error: The sandbox is not in sync with the Podfile.lock. Run 'pod install' or update your CocoaPods installation.\" >&2\n    exit 1\nfi\n";
			showEnvVarsInLog = 0;
		};
		A7655B58D551C7B1770E5A4B /* [CP] Embed Pods Frameworks */ = {
			isa = PBXShellScriptBuildPhase;
			buildActionMask = 2147483647;
			files = (
			);
			inputPaths = (
			);
			name = "[CP] Embed Pods Frameworks";
			outputPaths = (
			);
			runOnlyForDeploymentPostprocessing = 0;
			shellPath = /bin/sh;
			shellScript = "\"${SRCROOT}/Pods/Target Support Files/Pods-smack/Pods-smack-frameworks.sh\"\n";
			showEnvVarsInLog = 0;
		};
		C38FF9C75325555A56B73C35 /* [CP] Copy Pods Resources */ = {
			isa = PBXShellScriptBuildPhase;
			buildActionMask = 2147483647;
			files = (
			);
			inputPaths = (
			);
			name = "[CP] Copy Pods Resources";
			outputPaths = (
			);
			runOnlyForDeploymentPostprocessing = 0;
			shellPath = /bin/sh;
			shellScript = "\"${SRCROOT}/Pods/Target Support Files/Pods-smack/Pods-smack-resources.sh\"\n";
			showEnvVarsInLog = 0;
		};
/* End PBXShellScriptBuildPhase section */

/* Begin PBXSourcesBuildPhase section */
		161747BD1FB0459C00904A56 /* Sources */ = {
			isa = PBXSourcesBuildPhase;
			buildActionMask = 2147483647;
			files = (
				16D3E4901FB06FD300AE686B /* ChatVC.swift in Sources */,
				16D3E4921FB0702400AE686B /* ChannelVC.swift in Sources */,
				166039481FB2A1B800A2C0EC /* GradientView.swift in Sources */,
				161747C51FB0459D00904A56 /* AppDelegate.swift in Sources */,
				16D3E4951FB07B4A00AE686B /* SWRevealViewController.m in Sources */,
			);
			runOnlyForDeploymentPostprocessing = 0;
		};
/* End PBXSourcesBuildPhase section */

/* Begin PBXVariantGroup section */
		161747C81FB0459D00904A56 /* Main.storyboard */ = {
			isa = PBXVariantGroup;
			children = (
				161747C91FB0459D00904A56 /* Base */,
			);
			name = Main.storyboard;
			sourceTree = "<group>";
		};
		161747CD1FB0459D00904A56 /* LaunchScreen.storyboard */ = {
			isa = PBXVariantGroup;
			children = (
				161747CE1FB0459D00904A56 /* Base */,
			);
			name = LaunchScreen.storyboard;
			sourceTree = "<group>";
		};
/* End PBXVariantGroup section */

/* Begin XCBuildConfiguration section */
		161747D11FB0459D00904A56 /* Debug */ = {
			isa = XCBuildConfiguration;
			buildSettings = {
				ALWAYS_SEARCH_USER_PATHS = NO;
				CLANG_ANALYZER_NONNULL = YES;
				CLANG_ANALYZER_NUMBER_OBJECT_CONVERSION = YES_AGGRESSIVE;
				CLANG_CXX_LANGUAGE_STANDARD = "gnu++14";
				CLANG_CXX_LIBRARY = "libc++";
				CLANG_ENABLE_MODULES = YES;
				CLANG_ENABLE_OBJC_ARC = YES;
				CLANG_WARN_BLOCK_CAPTURE_AUTORELEASING = YES;
				CLANG_WARN_BOOL_CONVERSION = YES;
				CLANG_WARN_COMMA = YES;
				CLANG_WARN_CONSTANT_CONVERSION = YES;
				CLANG_WARN_DIRECT_OBJC_ISA_USAGE = YES_ERROR;
				CLANG_WARN_DOCUMENTATION_COMMENTS = YES;
				CLANG_WARN_EMPTY_BODY = YES;
				CLANG_WARN_ENUM_CONVERSION = YES;
				CLANG_WARN_INFINITE_RECURSION = YES;
				CLANG_WARN_INT_CONVERSION = YES;
				CLANG_WARN_NON_LITERAL_NULL_CONVERSION = YES;
				CLANG_WARN_OBJC_LITERAL_CONVERSION = YES;
				CLANG_WARN_OBJC_ROOT_CLASS = YES_ERROR;
				CLANG_WARN_RANGE_LOOP_ANALYSIS = YES;
				CLANG_WARN_STRICT_PROTOTYPES = YES;
				CLANG_WARN_SUSPICIOUS_MOVE = YES;
				CLANG_WARN_UNGUARDED_AVAILABILITY = YES_AGGRESSIVE;
				CLANG_WARN_UNREACHABLE_CODE = YES;
				CLANG_WARN__DUPLICATE_METHOD_MATCH = YES;
				CODE_SIGN_IDENTITY = "iPhone Developer";
				COPY_PHASE_STRIP = NO;
				DEBUG_INFORMATION_FORMAT = dwarf;
				ENABLE_STRICT_OBJC_MSGSEND = YES;
				ENABLE_TESTABILITY = YES;
				GCC_C_LANGUAGE_STANDARD = gnu11;
				GCC_DYNAMIC_NO_PIC = NO;
				GCC_NO_COMMON_BLOCKS = YES;
				GCC_OPTIMIZATION_LEVEL = 0;
				GCC_PREPROCESSOR_DEFINITIONS = (
					"DEBUG=1",
					"$(inherited)",
				);
				GCC_WARN_64_TO_32_BIT_CONVERSION = YES;
				GCC_WARN_ABOUT_RETURN_TYPE = YES_ERROR;
				GCC_WARN_UNDECLARED_SELECTOR = YES;
				GCC_WARN_UNINITIALIZED_AUTOS = YES_AGGRESSIVE;
				GCC_WARN_UNUSED_FUNCTION = YES;
				GCC_WARN_UNUSED_VARIABLE = YES;
				IPHONEOS_DEPLOYMENT_TARGET = 11.0;
				MTL_ENABLE_DEBUG_INFO = YES;
				ONLY_ACTIVE_ARCH = YES;
				SDKROOT = iphoneos;
				SWIFT_ACTIVE_COMPILATION_CONDITIONS = DEBUG;
				SWIFT_OPTIMIZATION_LEVEL = "-Onone";
			};
			name = Debug;
		};
		161747D21FB0459D00904A56 /* Release */ = {
			isa = XCBuildConfiguration;
			buildSettings = {
				ALWAYS_SEARCH_USER_PATHS = NO;
				CLANG_ANALYZER_NONNULL = YES;
				CLANG_ANALYZER_NUMBER_OBJECT_CONVERSION = YES_AGGRESSIVE;
				CLANG_CXX_LANGUAGE_STANDARD = "gnu++14";
				CLANG_CXX_LIBRARY = "libc++";
				CLANG_ENABLE_MODULES = YES;
				CLANG_ENABLE_OBJC_ARC = YES;
				CLANG_WARN_BLOCK_CAPTURE_AUTORELEASING = YES;
				CLANG_WARN_BOOL_CONVERSION = YES;
				CLANG_WARN_COMMA = YES;
				CLANG_WARN_CONSTANT_CONVERSION = YES;
				CLANG_WARN_DIRECT_OBJC_ISA_USAGE = YES_ERROR;
				CLANG_WARN_DOCUMENTATION_COMMENTS = YES;
				CLANG_WARN_EMPTY_BODY = YES;
				CLANG_WARN_ENUM_CONVERSION = YES;
				CLANG_WARN_INFINITE_RECURSION = YES;
				CLANG_WARN_INT_CONVERSION = YES;
				CLANG_WARN_NON_LITERAL_NULL_CONVERSION = YES;
				CLANG_WARN_OBJC_LITERAL_CONVERSION = YES;
				CLANG_WARN_OBJC_ROOT_CLASS = YES_ERROR;
				CLANG_WARN_RANGE_LOOP_ANALYSIS = YES;
				CLANG_WARN_STRICT_PROTOTYPES = YES;
				CLANG_WARN_SUSPICIOUS_MOVE = YES;
				CLANG_WARN_UNGUARDED_AVAILABILITY = YES_AGGRESSIVE;
				CLANG_WARN_UNREACHABLE_CODE = YES;
				CLANG_WARN__DUPLICATE_METHOD_MATCH = YES;
				CODE_SIGN_IDENTITY = "iPhone Developer";
				COPY_PHASE_STRIP = NO;
				DEBUG_INFORMATION_FORMAT = "dwarf-with-dsym";
				ENABLE_NS_ASSERTIONS = NO;
				ENABLE_STRICT_OBJC_MSGSEND = YES;
				GCC_C_LANGUAGE_STANDARD = gnu11;
				GCC_NO_COMMON_BLOCKS = YES;
				GCC_WARN_64_TO_32_BIT_CONVERSION = YES;
				GCC_WARN_ABOUT_RETURN_TYPE = YES_ERROR;
				GCC_WARN_UNDECLARED_SELECTOR = YES;
				GCC_WARN_UNINITIALIZED_AUTOS = YES_AGGRESSIVE;
				GCC_WARN_UNUSED_FUNCTION = YES;
				GCC_WARN_UNUSED_VARIABLE = YES;
				IPHONEOS_DEPLOYMENT_TARGET = 11.0;
				MTL_ENABLE_DEBUG_INFO = NO;
				"OTHER_LDFLAGS[arch=*]" = "";
				SDKROOT = iphoneos;
				SWIFT_OPTIMIZATION_LEVEL = "-Owholemodule";
				VALIDATE_PRODUCT = YES;
			};
			name = Release;
		};
		161747D41FB0459D00904A56 /* Debug */ = {
			isa = XCBuildConfiguration;
			baseConfigurationReference = 25AF23B71607D3E5A4809542 /* Pods-smack.debug.xcconfig */;
			buildSettings = {
				ASSETCATALOG_COMPILER_APPICON_NAME = AppIcon;
				CLANG_ENABLE_MODULES = YES;
				CODE_SIGN_STYLE = Automatic;
				INFOPLIST_FILE = smack/Info.plist;
				LD_RUNPATH_SEARCH_PATHS = "$(inherited) @executable_path/Frameworks";
				PRODUCT_BUNDLE_IDENTIFIER = bilal.smack;
				PRODUCT_NAME = "$(TARGET_NAME)";
				SWIFT_OBJC_BRIDGING_HEADER = "smack/Supporting Files/smack-Bridging-Header.h";
				SWIFT_OPTIMIZATION_LEVEL = "-Onone";
				SWIFT_VERSION = 4.0;
				TARGETED_DEVICE_FAMILY = "1,2";
			};
			name = Debug;
		};
		161747D51FB0459D00904A56 /* Release */ = {
			isa = XCBuildConfiguration;
			baseConfigurationReference = 8520FB83C363E01D44E4A6D1 /* Pods-smack.release.xcconfig */;
			buildSettings = {
				ASSETCATALOG_COMPILER_APPICON_NAME = AppIcon;
				CLANG_ENABLE_MODULES = YES;
				CODE_SIGN_STYLE = Automatic;
				INFOPLIST_FILE = smack/Info.plist;
				LD_RUNPATH_SEARCH_PATHS = "$(inherited) @executable_path/Frameworks";
				PRODUCT_BUNDLE_IDENTIFIER = bilal.smack;
				PRODUCT_NAME = "$(TARGET_NAME)";
				SWIFT_OBJC_BRIDGING_HEADER = "smack/Supporting Files/smack-Bridging-Header.h";
				SWIFT_VERSION = 4.0;
				TARGETED_DEVICE_FAMILY = "1,2";
			};
			name = Release;
		};
/* End XCBuildConfiguration section */

/* Begin XCConfigurationList section */
		161747BC1FB0459C00904A56 /* Build configuration list for PBXProject "smack" */ = {
			isa = XCConfigurationList;
			buildConfigurations = (
				161747D11FB0459D00904A56 /* Debug */,
				161747D21FB0459D00904A56 /* Release */,
			);
			defaultConfigurationIsVisible = 0;
			defaultConfigurationName = Release;
		};
		161747D31FB0459D00904A56 /* Build configuration list for PBXNativeTarget "smack" */ = {
			isa = XCConfigurationList;
			buildConfigurations = (
				161747D41FB0459D00904A56 /* Debug */,
				161747D51FB0459D00904A56 /* Release */,
			);
			defaultConfigurationIsVisible = 0;
			defaultConfigurationName = Release;
		};
/* End XCConfigurationList section */
	};
	rootObject = 161747B91FB0459C00904A56 /* Project object */;
}
